
Microsoft Visual Studio Solution File, Format Version 12.00
# Visual Studio Version 17
VisualStudioVersion = 17.7.34031.279
MinimumVisualStudioVersion = 10.0.40219.1
Project("{FAE04EC0-301F-11D3-BF4B-00C04F79EFBC}") = "RestWithASP-NET8Udemy", "RestWithASP-NET8Udemy\RestWithASP-NET8Udemy.csproj", "{CED93C06-6BCE-4623-85FE-8D6F574109A7}"
EndProject
Global
	GlobalSection(SolutionConfigurationPlatforms) = preSolution
		Debug|Any CPU = Debug|Any CPU
		Release|Any CPU = Release|Any CPU
	EndGlobalSection
	GlobalSection(ProjectConfigurationPlatforms) = postSolution
		{CED93C06-6BCE-4623-85FE-8D6F574109A7}.Debug|Any CPU.ActiveCfg = Debug|Any CPU
		{CED93C06-6BCE-4623-85FE-8D6F574109A7}.Debug|Any CPU.Build.0 = Debug|Any CPU
		{CED93C06-6BCE-4623-85FE-8D6F574109A7}.Release|Any CPU.ActiveCfg = Release|Any CPU
		{CED93C06-6BCE-4623-85FE-8D6F574109A7}.Release|Any CPU.Build.0 = Release|Any CPU
	EndGlobalSection
	GlobalSection(SolutionProperties) = preSolution
		HideSolutionNode = FALSE
	EndGlobalSection
	GlobalSection(ExtensibilityGlobals) = postSolution
		SolutionGuid = {97931D67-A00F-40B3-BA90-794E979324F2}
	EndGlobalSection
EndGlobal
